{
  "object": {
    "pins": [
      {
        "package": "AusweisApp2",
        "repositoryURL": "https://github.com/Governikus/AusweisApp2-SDK-iOS",
        "state": {
          "branch": null,
          "revision": "15a0cf65a638224a155e178a01a296a6b263dfc0",
          "version": "1.22.3"
        }
      },
      {
        "package": "CocoaLumberjack",
        "repositoryURL": "https://github.com/CocoaLumberjack/CocoaLumberjack.git",
        "state": {
          "branch": null,
          "revision": "80ada1f753b0d53d9b57c465936a7c4169375002",
          "version": "3.7.4"
        }
      },
      {
        "package": "Aries",
        "repositoryURL": "https://eu-de.git.cloud.ibm.com/blockchain-practice-dach/projects/ssi-bundeskanzleramt/id-wallet/ios-aries-sdk",
        "state": {
          "branch": "feature/BKAWALIOS-215",
          "revision": "17e5f76a8b92aee809837ed4547ac300dd74f4a9",
          "version": null
        }
      },
      {
        "package": "Indy",
        "repositoryURL": "https://eu-de.git.cloud.ibm.com/blockchain-practice-dach/projects/ssi-bundeskanzleramt/id-wallet/ios-indy-sdk",
        "state": {
          "branch": "development",
          "revision": "16b646a6942a206a9dd9e423cfcf4880942c3758",
          "version": null
        }
      },
      {
        "package": "Mediator",
        "repositoryURL": "https://eu-de.git.cloud.ibm.com/blockchain-practice-dach/projects/ssi-bundeskanzleramt/id-wallet/ios-mediator-sdk",
        "state": {
          "branch": "feature/BKAWALIOS-215",
          "revision": "e5764c0d603d6250021e4bfb0efa00a8b0c6582c",
          "version": null
        }
      },
      {
        "package": "swift-log",
        "repositoryURL": "https://github.com/apple/swift-log.git",
        "state": {
          "branch": null,
          "revision": "5d66f7ba25daf4f94100e7022febf3c75e37a6c7",
          "version": "1.4.2"
        }
      },
      {
        "package": "Valet",
        "repositoryURL": "https://github.com/square/Valet",
        "state": {
          "branch": null,
          "revision": "2bf3329055f5d71d42a12801dd69d1d770fafa5e",
          "version": "4.1.2"
        }
      }
    ]
  },
  "version": 1
}
